
Microsoft Visual Studio Solution File, Format Version 12.00
# Visual Studio 15
VisualStudioVersion = 15.0.28307.1340
MinimumVisualStudioVersion = 10.0.40219.1
Project("{FAE04EC0-301F-11D3-BF4B-00C04F79EFBC}") = "IdentityStudy", "IdentityStudy\IdentityStudy.csproj", "{6E69D1A1-748F-4862-8133-B589D1E1ED4A}"
EndProject
Global
	GlobalSection(SolutionConfigurationPlatforms) = preSolution
		Debug|Any CPU = Debug|Any CPU
		Release|Any CPU = Release|Any CPU
	EndGlobalSection
	GlobalSection(ProjectConfigurationPlatforms) = postSolution
		{6E69D1A1-748F-4862-8133-B589D1E1ED4A}.Debug|Any CPU.ActiveCfg = Debug|Any CPU
		{6E69D1A1-748F-4862-8133-B589D1E1ED4A}.Debug|Any CPU.Build.0 = Debug|Any CPU
		{6E69D1A1-748F-4862-8133-B589D1E1ED4A}.Release|Any CPU.ActiveCfg = Release|Any CPU
		{6E69D1A1-748F-4862-8133-B589D1E1ED4A}.Release|Any CPU.Build.0 = Release|Any CPU
	EndGlobalSection
	GlobalSection(SolutionProperties) = preSolution
		HideSolutionNode = FALSE
	EndGlobalSection
	GlobalSection(ExtensibilityGlobals) = postSolution
		SolutionGuid = {F9B273F9-F746-41DF-B3B1-ACB0FE577CCF}
	EndGlobalSection
EndGlobal
